
Microsoft Visual Studio Solution File, Format Version 12.00
# Visual Studio Version 17
VisualStudioVersion = 17.7.34202.233
MinimumVisualStudioVersion = 10.0.40219.1
Project("{FAE04EC0-301F-11D3-BF4B-00C04F79EFBC}") = "ParkoloHaz", "ParkoloHaz.csproj", "{365C284A-103F-491C-99FF-D5C5BB91CC3A}"
EndProject
Global
	GlobalSection(SolutionConfigurationPlatforms) = preSolution
		Debug|Any CPU = Debug|Any CPU
		Release|Any CPU = Release|Any CPU
	EndGlobalSection
	GlobalSection(ProjectConfigurationPlatforms) = postSolution
		{365C284A-103F-491C-99FF-D5C5BB91CC3A}.Debug|Any CPU.ActiveCfg = Debug|Any CPU
		{365C284A-103F-491C-99FF-D5C5BB91CC3A}.Debug|Any CPU.Build.0 = Debug|Any CPU
		{365C284A-103F-491C-99FF-D5C5BB91CC3A}.Release|Any CPU.ActiveCfg = Release|Any CPU
		{365C284A-103F-491C-99FF-D5C5BB91CC3A}.Release|Any CPU.Build.0 = Release|Any CPU
	EndGlobalSection
	GlobalSection(SolutionProperties) = preSolution
		HideSolutionNode = FALSE
	EndGlobalSection
	GlobalSection(ExtensibilityGlobals) = postSolution
		SolutionGuid = {11E47656-13B2-4232-B9B9-F0B1AADCFD64}
	EndGlobalSection
EndGlobal
